
Microsoft Visual Studio Solution File, Format Version 12.00
# Visual Studio Version 17
VisualStudioVersion = 17.14.37012.4
MinimumVisualStudioVersion = 10.0.40219.1
Project("{FAE04EC0-301F-11D3-BF4B-00C04F79EFBC}") = "UserManagement", "UserManagement.csproj", "{D7C01651-0B47-4472-8127-1796B1F1FD0F}"
EndProject
Project("{FAE04EC0-301F-11D3-BF4B-00C04F79EFBC}") = "UserManagement.API", "..\UserManagement.API\UserManagement.API.csproj", "{A644811A-FC93-4655-A882-2C6DD10D5DDE}"
EndProject
Project("{FAE04EC0-301F-11D3-BF4B-00C04F79EFBC}") = "WinFormsApp-DotNet", "..\WinFormsApp-DotNet\WinFormsApp-DotNet.csproj", "{979F2A11-0A6B-4FCA-9DFD-C06FB620B334}"
EndProject
Global
	GlobalSection(SolutionConfigurationPlatforms) = preSolution
		Debug|Any CPU = Debug|Any CPU
		Release|Any CPU = Release|Any CPU
	EndGlobalSection
	GlobalSection(ProjectConfigurationPlatforms) = postSolution
		{D7C01651-0B47-4472-8127-1796B1F1FD0F}.Debug|Any CPU.ActiveCfg = Debug|Any CPU
		{D7C01651-0B47-4472-8127-1796B1F1FD0F}.Debug|Any CPU.Build.0 = Debug|Any CPU
		{D7C01651-0B47-4472-8127-1796B1F1FD0F}.Release|Any CPU.ActiveCfg = Release|Any CPU
		{D7C01651-0B47-4472-8127-1796B1F1FD0F}.Release|Any CPU.Build.0 = Release|Any CPU
		{A644811A-FC93-4655-A882-2C6DD10D5DDE}.Debug|Any CPU.ActiveCfg = Debug|Any CPU
		{A644811A-FC93-4655-A882-2C6DD10D5DDE}.Debug|Any CPU.Build.0 = Debug|Any CPU
		{A644811A-FC93-4655-A882-2C6DD10D5DDE}.Release|Any CPU.ActiveCfg = Release|Any CPU
		{A644811A-FC93-4655-A882-2C6DD10D5DDE}.Release|Any CPU.Build.0 = Release|Any CPU
		{979F2A11-0A6B-4FCA-9DFD-C06FB620B334}.Debug|Any CPU.ActiveCfg = Debug|Any CPU
		{979F2A11-0A6B-4FCA-9DFD-C06FB620B334}.Debug|Any CPU.Build.0 = Debug|Any CPU
		{979F2A11-0A6B-4FCA-9DFD-C06FB620B334}.Release|Any CPU.ActiveCfg = Release|Any CPU
		{979F2A11-0A6B-4FCA-9DFD-C06FB620B334}.Release|Any CPU.Build.0 = Release|Any CPU
	EndGlobalSection
	GlobalSection(SolutionProperties) = preSolution
		HideSolutionNode = FALSE
	EndGlobalSection
	GlobalSection(ExtensibilityGlobals) = postSolution
		SolutionGuid = {41D45CC2-91E8-4E44-B76C-ED03FC2AA4DA}
	EndGlobalSection
EndGlobal
